// !$*UTF8*$!
{
	archiveVersion = 1;
	classes = {
	};
	objectVersion = 50;
	objects = {

/* Begin PBXBuildFile section */
		A10A7DCC2136AA3500C53B7F /* CassiniViewController.swift in Sources */ = {isa = PBXBuildFile; fileRef = A10A7DCB2136AA3500C53B7F /* CassiniViewController.swift */; };
		A1E00BA021329DE7008D65AB /* AppDelegate.swift in Sources */ = {isa = PBXBuildFile; fileRef = A1E00B9F21329DE7008D65AB /* AppDelegate.swift */; };
		A1E00BA521329DE7008D65AB /* Main.storyboard in Resources */ = {isa = PBXBuildFile; fileRef = A1E00BA321329DE7008D65AB /* Main.storyboard */; };
		A1E00BA721329DEA008D65AB /* Assets.xcassets in Resources */ = {isa = PBXBuildFile; fileRef = A1E00BA621329DEA008D65AB /* Assets.xcassets */; };
		A1E00BAA21329DEA008D65AB /* LaunchScreen.storyboard in Resources */ = {isa = PBXBuildFile; fileRef = A1E00BA821329DEA008D65AB /* LaunchScreen.storyboard */; };
		A1E00BB521329DEB008D65AB /* CassiniTests.swift in Sources */ = {isa = PBXBuildFile; fileRef = A1E00BB421329DEB008D65AB /* CassiniTests.swift */; };
		A1E00BC021329DEB008D65AB /* CassiniUITests.swift in Sources */ = {isa = PBXBuildFile; fileRef = A1E00BBF21329DEB008D65AB /* CassiniUITests.swift */; };
		A1E00BCF21329EA5008D65AB /* imageViewController.swift in Sources */ = {isa = PBXBuildFile; fileRef = A1E00BCE21329EA5008D65AB /* imageViewController.swift */; };
		A1E00BD12132A423008D65AB /* DemoURLs.swift in Sources */ = {isa = PBXBuildFile; fileRef = A1E00BD02132A423008D65AB /* DemoURLs.swift */; };
		A1E00BD32132A643008D65AB /* oval.jpg in Resources */ = {isa = PBXBuildFile; fileRef = A1E00BD22132A643008D65AB /* oval.jpg */; };
/* End PBXBuildFile section */

/* Begin PBXContainerItemProxy section */
		A1E00BB121329DEB008D65AB /* PBXContainerItemProxy */ = {
			isa = PBXContainerItemProxy;
			containerPortal = A1E00B9421329DE7008D65AB /* Project object */;
			proxyType = 1;
			remoteGlobalIDString = A1E00B9B21329DE7008D65AB;
			remoteInfo = Cassini;
		};
		A1E00BBC21329DEB008D65AB /* PBXContainerItemProxy */ = {
			isa = PBXContainerItemProxy;
			containerPortal = A1E00B9421329DE7008D65AB /* Project object */;
			proxyType = 1;
			remoteGlobalIDString = A1E00B9B21329DE7008D65AB;
			remoteInfo = Cassini;
		};
/* End PBXContainerItemProxy section */

/* Begin PBXFileReference section */
		A10A7DCB2136AA3500C53B7F /* CassiniViewController.swift */ = {isa = PBXFileReference; lastKnownFileType = sourcecode.swift; path = CassiniViewController.swift; sourceTree = "<group>"; };
		A1E00B9C21329DE7008D65AB /* Cassini.app */ = {isa = PBXFileReference; explicitFileType = wrapper.application; includeInIndex = 0; path = Cassini.app; sourceTree = BUILT_PRODUCTS_DIR; };
		A1E00B9F21329DE7008D65AB /* AppDelegate.swift */ = {isa = PBXFileReference; lastKnownFileType = sourcecode.swift; path = AppDelegate.swift; sourceTree = "<group>"; };
		A1E00BA421329DE7008D65AB /* Base */ = {isa = PBXFileReference; lastKnownFileType = file.storyboard; name = Base; path = Base.lproj/Main.storyboard; sourceTree = "<group>"; };
		A1E00BA621329DEA008D65AB /* Assets.xcassets */ = {isa = PBXFileReference; lastKnownFileType = folder.assetcatalog; path = Assets.xcassets; sourceTree = "<group>"; };
		A1E00BA921329DEA008D65AB /* Base */ = {isa = PBXFileReference; lastKnownFileType = file.storyboard; name = Base; path = Base.lproj/LaunchScreen.storyboard; sourceTree = "<group>"; };
		A1E00BAB21329DEA008D65AB /* Info.plist */ = {isa = PBXFileReference; lastKnownFileType = text.plist.xml; path = Info.plist; sourceTree = "<group>"; };
		A1E00BB021329DEB008D65AB /* CassiniTests.xctest */ = {isa = PBXFileReference; explicitFileType = wrapper.cfbundle; includeInIndex = 0; path = CassiniTests.xctest; sourceTree = BUILT_PRODUCTS_DIR; };
		A1E00BB421329DEB008D65AB /* CassiniTests.swift */ = {isa = PBXFileReference; lastKnownFileType = sourcecode.swift; path = CassiniTests.swift; sourceTree = "<group>"; };
		A1E00BB621329DEB008D65AB /* Info.plist */ = {isa = PBXFileReference; lastKnownFileType = text.plist.xml; path = Info.plist; sourceTree = "<group>"; };
		A1E00BBB21329DEB008D65AB /* CassiniUITests.xctest */ = {isa = PBXFileReference; explicitFileType = wrapper.cfbundle; includeInIndex = 0; path = CassiniUITests.xctest; sourceTree = BUILT_PRODUCTS_DIR; };
		A1E00BBF21329DEB008D65AB /* CassiniUITests.swift */ = {isa = PBXFileReference; lastKnownFileType = sourcecode.swift; path = CassiniUITests.swift; sourceTree = "<group>"; };
		A1E00BC121329DEB008D65AB /* Info.plist */ = {isa = PBXFileReference; lastKnownFileType = text.plist.xml; path = Info.plist; sourceTree = "<group>"; };
		A1E00BCE21329EA5008D65AB /* imageViewController.swift */ = {isa = PBXFileReference; lastKnownFileType = sourcecode.swift; path = imageViewController.swift; sourceTree = "<group>"; };
		A1E00BD02132A423008D65AB /* DemoURLs.swift */ = {isa = PBXFileReference; lastKnownFileType = sourcecode.swift; path = DemoURLs.swift; sourceTree = "<group>"; };
		A1E00BD22132A643008D65AB /* oval.jpg */ = {isa = PBXFileReference; lastKnownFileType = image.jpeg; path = oval.jpg; sourceTree = "<group>"; };
		A1E00C4D2133FEB0008D65AB /* lecture 10.md */ = {isa = PBXFileReference; lastKnownFileType = net.daringfireball.markdown; path = "lecture 10.md"; sourceTree = "<group>"; };
/* End PBXFileReference section */

/* Begin PBXFrameworksBuildPhase section */
		A1E00B9921329DE7008D65AB /* Frameworks */ = {
			isa = PBXFrameworksBuildPhase;
			buildActionMask = 2147483647;
			files = (
			);
			runOnlyForDeploymentPostprocessing = 0;
		};
		A1E00BAD21329DEB008D65AB /* Frameworks */ = {
			isa = PBXFrameworksBuildPhase;
			buildActionMask = 2147483647;
			files = (
			);
			runOnlyForDeploymentPostprocessing = 0;
		};
		A1E00BB821329DEB008D65AB /* Frameworks */ = {
			isa = PBXFrameworksBuildPhase;
			buildActionMask = 2147483647;
			files = (
			);
			runOnlyForDeploymentPostprocessing = 0;
		};
/* End PBXFrameworksBuildPhase section */

/* Begin PBXGroup section */
		A1E00B9321329DE7008D65AB = {
			isa = PBXGroup;
			children = (
				A1E00B9E21329DE7008D65AB /* Cassini */,
				A1E00BB321329DEB008D65AB /* CassiniTests */,
				A1E00BBE21329DEB008D65AB /* CassiniUITests */,
				A1E00B9D21329DE7008D65AB /* Products */,
			);
			sourceTree = "<group>";
		};
		A1E00B9D21329DE7008D65AB /* Products */ = {
			isa = PBXGroup;
			children = (
				A1E00B9C21329DE7008D65AB /* Cassini.app */,
				A1E00BB021329DEB008D65AB /* CassiniTests.xctest */,
				A1E00BBB21329DEB008D65AB /* CassiniUITests.xctest */,
			);
			name = Products;
			sourceTree = "<group>";
		};
		A1E00B9E21329DE7008D65AB /* Cassini */ = {
			isa = PBXGroup;
			children = (
				A1E00BD22132A643008D65AB /* oval.jpg */,
				A1E00BCE21329EA5008D65AB /* imageViewController.swift */,
				A10A7DCB2136AA3500C53B7F /* CassiniViewController.swift */,
				A1E00BA321329DE7008D65AB /* Main.storyboard */,
				A1E00BD02132A423008D65AB /* DemoURLs.swift */,
				A1E00BCD21329E06008D65AB /* Supporting Files */,
				A1E00BAB21329DEA008D65AB /* Info.plist */,
			);
			path = Cassini;
			sourceTree = "<group>";
		};
		A1E00BB321329DEB008D65AB /* CassiniTests */ = {
			isa = PBXGroup;
			children = (
				A1E00BB421329DEB008D65AB /* CassiniTests.swift */,
				A1E00BB621329DEB008D65AB /* Info.plist */,
			);
			path = CassiniTests;
			sourceTree = "<group>";
		};
		A1E00BBE21329DEB008D65AB /* CassiniUITests */ = {
			isa = PBXGroup;
			children = (
				A1E00BBF21329DEB008D65AB /* CassiniUITests.swift */,
				A1E00BC121329DEB008D65AB /* Info.plist */,
			);
			path = CassiniUITests;
			sourceTree = "<group>";
		};
		A1E00BCD21329E06008D65AB /* Supporting Files */ = {
			isa = PBXGroup;
			children = (
				A1E00C4C2133FE8E008D65AB /* Note */,
				A1E00B9F21329DE7008D65AB /* AppDelegate.swift */,
				A1E00BA621329DEA008D65AB /* Assets.xcassets */,
				A1E00BA821329DEA008D65AB /* LaunchScreen.storyboard */,
			);
			path = "Supporting Files";
			sourceTree = "<group>";
		};
		A1E00C4C2133FE8E008D65AB /* Note */ = {
			isa = PBXGroup;
			children = (
				A1E00C4D2133FEB0008D65AB /* lecture 10.md */,
			);
			path = Note;
			sourceTree = "<group>";
		};
/* End PBXGroup section */

/* Begin PBXNativeTarget section */
		A1E00B9B21329DE7008D65AB /* Cassini */ = {
			isa = PBXNativeTarget;
			buildConfigurationList = A1E00BC421329DEB008D65AB /* Build configuration list for PBXNativeTarget "Cassini" */;
			buildPhases = (
				A1E00B9821329DE7008D65AB /* Sources */,
				A1E00B9921329DE7008D65AB /* Frameworks */,
				A1E00B9A21329DE7008D65AB /* Resources */,
			);
			buildRules = (
			);
			dependencies = (
			);
			name = Cassini;
			productName = Cassini;
			productReference = A1E00B9C21329DE7008D65AB /* Cassini.app */;
			productType = "com.apple.product-type.application";
		};
		A1E00BAF21329DEB008D65AB /* CassiniTests */ = {
			isa = PBXNativeTarget;
			buildConfigurationList = A1E00BC721329DEB008D65AB /* Build configuration list for PBXNativeTarget "CassiniTests" */;
			buildPhases = (
				A1E00BAC21329DEB008D65AB /* Sources */,
				A1E00BAD21329DEB008D65AB /* Frameworks */,
				A1E00BAE21329DEB008D65AB /* Resources */,
			);
			buildRules = (
			);
			dependencies = (
				A1E00BB221329DEB008D65AB /* PBXTargetDependency */,
			);
			name = CassiniTests;
			productName = CassiniTests;
			productReference = A1E00BB021329DEB008D65AB /* CassiniTests.xctest */;
			productType = "com.apple.product-type.bundle.unit-test";
		};
		A1E00BBA21329DEB008D65AB /* CassiniUITests */ = {
			isa = PBXNativeTarget;
			buildConfigurationList = A1E00BCA21329DEB008D65AB /* Build configuration list for PBXNativeTarget "CassiniUITests" */;
			buildPhases = (
				A1E00BB721329DEB008D65AB /* Sources */,
				A1E00BB821329DEB008D65AB /* Frameworks */,
				A1E00BB921329DEB008D65AB /* Resources */,
			);
			buildRules = (
			);
			dependencies = (
				A1E00BBD21329DEB008D65AB /* PBXTargetDependency */,
			);
			name = CassiniUITests;
			productName = CassiniUITests;
			productReference = A1E00BBB21329DEB008D65AB /* CassiniUITests.xctest */;
			productType = "com.apple.product-type.bundle.ui-testing";
		};
/* End PBXNativeTarget section */

/* Begin PBXProject section */
		A1E00B9421329DE7008D65AB /* Project object */ = {
			isa = PBXProject;
			attributes = {
				LastSwiftUpdateCheck = 0940;
				LastUpgradeCheck = 0940;
				ORGANIZATIONNAME = "임지후";
				TargetAttributes = {
					A1E00B9B21329DE7008D65AB = {
						CreatedOnToolsVersion = 9.4.1;
					};
					A1E00BAF21329DEB008D65AB = {
						CreatedOnToolsVersion = 9.4.1;
						TestTargetID = A1E00B9B21329DE7008D65AB;
					};
					A1E00BBA21329DEB008D65AB = {
						CreatedOnToolsVersion = 9.4.1;
						TestTargetID = A1E00B9B21329DE7008D65AB;
					};
				};
			};
			buildConfigurationList = A1E00B9721329DE7008D65AB /* Build configuration list for PBXProject "Cassini" */;
			compatibilityVersion = "Xcode 9.3";
			developmentRegion = en;
			hasScannedForEncodings = 0;
			knownRegions = (
				en,
				Base,
			);
			mainGroup = A1E00B9321329DE7008D65AB;
			productRefGroup = A1E00B9D21329DE7008D65AB /* Products */;
			projectDirPath = "";
			projectRoot = "";
			targets = (
				A1E00B9B21329DE7008D65AB /* Cassini */,
				A1E00BAF21329DEB008D65AB /* CassiniTests */,
				A1E00BBA21329DEB008D65AB /* CassiniUITests */,
			);
		};
/* End PBXProject section */

/* Begin PBXResourcesBuildPhase section */
		A1E00B9A21329DE7008D65AB /* Resources */ = {
			isa = PBXResourcesBuildPhase;
			buildActionMask = 2147483647;
			files = (
				A1E00BAA21329DEA008D65AB /* LaunchScreen.storyboard in Resources */,
				A1E00BD32132A643008D65AB /* oval.jpg in Resources */,
				A1E00BA721329DEA008D65AB /* Assets.xcassets in Resources */,
				A1E00BA521329DE7008D65AB /* Main.storyboard in Resources */,
			);
			runOnlyForDeploymentPostprocessing = 0;
		};
		A1E00BAE21329DEB008D65AB /* Resources */ = {
			isa = PBXResourcesBuildPhase;
			buildActionMask = 2147483647;
			files = (
			);
			runOnlyForDeploymentPostprocessing = 0;
		};
		A1E00BB921329DEB008D65AB /* Resources */ = {
			isa = PBXResourcesBuildPhase;
			buildActionMask = 2147483647;
			files = (
			);
			runOnlyForDeploymentPostprocessing = 0;
		};
/* End PBXResourcesBuildPhase section */

/* Begin PBXSourcesBuildPhase section */
		A1E00B9821329DE7008D65AB /* Sources */ = {
			isa = PBXSourcesBuildPhase;
			buildActionMask = 2147483647;
			files = (
				A1E00BCF21329EA5008D65AB /* imageViewController.swift in Sources */,
				A1E00BA021329DE7008D65AB /* AppDelegate.swift in Sources */,
				A1E00BD12132A423008D65AB /* DemoURLs.swift in Sources */,
				A10A7DCC2136AA3500C53B7F /* CassiniViewController.swift in Sources */,
			);
			runOnlyForDeploymentPostprocessing = 0;
		};
		A1E00BAC21329DEB008D65AB /* Sources */ = {
			isa = PBXSourcesBuildPhase;
			buildActionMask = 2147483647;
			files = (
				A1E00BB521329DEB008D65AB /* CassiniTests.swift in Sources */,
			);
			runOnlyForDeploymentPostprocessing = 0;
		};
		A1E00BB721329DEB008D65AB /* Sources */ = {
			isa = PBXSourcesBuildPhase;
			buildActionMask = 2147483647;
			files = (
				A1E00BC021329DEB008D65AB /* CassiniUITests.swift in Sources */,
			);
			runOnlyForDeploymentPostprocessing = 0;
		};
/* End PBXSourcesBuildPhase section */

/* Begin PBXTargetDependency section */
		A1E00BB221329DEB008D65AB /* PBXTargetDependency */ = {
			isa = PBXTargetDependency;
			target = A1E00B9B21329DE7008D65AB /* Cassini */;
			targetProxy = A1E00BB121329DEB008D65AB /* PBXContainerItemProxy */;
		};
		A1E00BBD21329DEB008D65AB /* PBXTargetDependency */ = {
			isa = PBXTargetDependency;
			target = A1E00B9B21329DE7008D65AB /* Cassini */;
			targetProxy = A1E00BBC21329DEB008D65AB /* PBXContainerItemProxy */;
		};
/* End PBXTargetDependency section */

/* Begin PBXVariantGroup section */
		A1E00BA321329DE7008D65AB /* Main.storyboard */ = {
			isa = PBXVariantGroup;
			children = (
				A1E00BA421329DE7008D65AB /* Base */,
			);
			name = Main.storyboard;
			sourceTree = "<group>";
		};
		A1E00BA821329DEA008D65AB /* LaunchScreen.storyboard */ = {
			isa = PBXVariantGroup;
			children = (
				A1E00BA921329DEA008D65AB /* Base */,
			);
			name = LaunchScreen.storyboard;
			sourceTree = "<group>";
		};
/* End PBXVariantGroup section */

/* Begin XCBuildConfiguration section */
		A1E00BC221329DEB008D65AB /* Debug */ = {
			isa = XCBuildConfiguration;
			buildSettings = {
				ALWAYS_SEARCH_USER_PATHS = NO;
				CLANG_ANALYZER_NONNULL = YES;
				CLANG_ANALYZER_NUMBER_OBJECT_CONVERSION = YES_AGGRESSIVE;
				CLANG_CXX_LANGUAGE_STANDARD = "gnu++14";
				CLANG_CXX_LIBRARY = "libc++";
				CLANG_ENABLE_MODULES = YES;
				CLANG_ENABLE_OBJC_ARC = YES;
				CLANG_ENABLE_OBJC_WEAK = YES;
				CLANG_WARN_BLOCK_CAPTURE_AUTORELEASING = YES;
				CLANG_WARN_BOOL_CONVERSION = YES;
				CLANG_WARN_COMMA = YES;
				CLANG_WARN_CONSTANT_CONVERSION = YES;
				CLANG_WARN_DEPRECATED_OBJC_IMPLEMENTATIONS = YES;
				CLANG_WARN_DIRECT_OBJC_ISA_USAGE = YES_ERROR;
				CLANG_WARN_DOCUMENTATION_COMMENTS = YES;
				CLANG_WARN_EMPTY_BODY = YES;
				CLANG_WARN_ENUM_CONVERSION = YES;
				CLANG_WARN_INFINITE_RECURSION = YES;
				CLANG_WARN_INT_CONVERSION = YES;
				CLANG_WARN_NON_LITERAL_NULL_CONVERSION = YES;
				CLANG_WARN_OBJC_IMPLICIT_RETAIN_SELF = YES;
				CLANG_WARN_OBJC_LITERAL_CONVERSION = YES;
				CLANG_WARN_OBJC_ROOT_CLASS = YES_ERROR;
				CLANG_WARN_RANGE_LOOP_ANALYSIS = YES;
				CLANG_WARN_STRICT_PROTOTYPES = YES;
				CLANG_WARN_SUSPICIOUS_MOVE = YES;
				CLANG_WARN_UNGUARDED_AVAILABILITY = YES_AGGRESSIVE;
				CLANG_WARN_UNREACHABLE_CODE = YES;
				CLANG_WARN__DUPLICATE_METHOD_MATCH = YES;
				CODE_SIGN_IDENTITY = "iPhone Developer";
				COPY_PHASE_STRIP = NO;
				DEBUG_INFORMATION_FORMAT = dwarf;
				ENABLE_STRICT_OBJC_MSGSEND = YES;
				ENABLE_TESTABILITY = YES;
				GCC_C_LANGUAGE_STANDARD = gnu11;
				GCC_DYNAMIC_NO_PIC = NO;
				GCC_NO_COMMON_BLOCKS = YES;
				GCC_OPTIMIZATION_LEVEL = 0;
				GCC_PREPROCESSOR_DEFINITIONS = (
					"DEBUG=1",
					"$(inherited)",
				);
				GCC_WARN_64_TO_32_BIT_CONVERSION = YES;
				GCC_WARN_ABOUT_RETURN_TYPE = YES_ERROR;
				GCC_WARN_UNDECLARED_SELECTOR = YES;
				GCC_WARN_UNINITIALIZED_AUTOS = YES_AGGRESSIVE;
				GCC_WARN_UNUSED_FUNCTION = YES;
				GCC_WARN_UNUSED_VARIABLE = YES;
				IPHONEOS_DEPLOYMENT_TARGET = 11.4;
				MTL_ENABLE_DEBUG_INFO = YES;
				ONLY_ACTIVE_ARCH = YES;
				SDKROOT = iphoneos;
				SWIFT_ACTIVE_COMPILATION_CONDITIONS = DEBUG;
				SWIFT_OPTIMIZATION_LEVEL = "-Onone";
			};
			name = Debug;
		};
		A1E00BC321329DEB008D65AB /* Release */ = {
			isa = XCBuildConfiguration;
			buildSettings = {
				ALWAYS_SEARCH_USER_PATHS = NO;
				CLANG_ANALYZER_NONNULL = YES;
				CLANG_ANALYZER_NUMBER_OBJECT_CONVERSION = YES_AGGRESSIVE;
				CLANG_CXX_LANGUAGE_STANDARD = "gnu++14";
				CLANG_CXX_LIBRARY = "libc++";
				CLANG_ENABLE_MODULES = YES;
				CLANG_ENABLE_OBJC_ARC = YES;
				CLANG_ENABLE_OBJC_WEAK = YES;
				CLANG_WARN_BLOCK_CAPTURE_AUTORELEASING = YES;
				CLANG_WARN_BOOL_CONVERSION = YES;
				CLANG_WARN_COMMA = YES;
				CLANG_WARN_CONSTANT_CONVERSION = YES;
				CLANG_WARN_DEPRECATED_OBJC_IMPLEMENTATIONS = YES;
				CLANG_WARN_DIRECT_OBJC_ISA_USAGE = YES_ERROR;
				CLANG_WARN_DOCUMENTATION_COMMENTS = YES;
				CLANG_WARN_EMPTY_BODY = YES;
				CLANG_WARN_ENUM_CONVERSION = YES;
				CLANG_WARN_INFINITE_RECURSION = YES;
				CLANG_WARN_INT_CONVERSION = YES;
				CLANG_WARN_NON_LITERAL_NULL_CONVERSION = YES;
				CLANG_WARN_OBJC_IMPLICIT_RETAIN_SELF = YES;
				CLANG_WARN_OBJC_LITERAL_CONVERSION = YES;
				CLANG_WARN_OBJC_ROOT_CLASS = YES_ERROR;
				CLANG_WARN_RANGE_LOOP_ANALYSIS = YES;
				CLANG_WARN_STRICT_PROTOTYPES = YES;
				CLANG_WARN_SUSPICIOUS_MOVE = YES;
				CLANG_WARN_UNGUARDED_AVAILABILITY = YES_AGGRESSIVE;
				CLANG_WARN_UNREACHABLE_CODE = YES;
				CLANG_WARN__DUPLICATE_METHOD_MATCH = YES;
				CODE_SIGN_IDENTITY = "iPhone Developer";
				COPY_PHASE_STRIP = NO;
				DEBUG_INFORMATION_FORMAT = "dwarf-with-dsym";
				ENABLE_NS_ASSERTIONS = NO;
				ENABLE_STRICT_OBJC_MSGSEND = YES;
				GCC_C_LANGUAGE_STANDARD = gnu11;
				GCC_NO_COMMON_BLOCKS = YES;
				GCC_WARN_64_TO_32_BIT_CONVERSION = YES;
				GCC_WARN_ABOUT_RETURN_TYPE = YES_ERROR;
				GCC_WARN_UNDECLARED_SELECTOR = YES;
				GCC_WARN_UNINITIALIZED_AUTOS = YES_AGGRESSIVE;
				GCC_WARN_UNUSED_FUNCTION = YES;
				GCC_WARN_UNUSED_VARIABLE = YES;
				IPHONEOS_DEPLOYMENT_TARGET = 11.4;
				MTL_ENABLE_DEBUG_INFO = NO;
				SDKROOT = iphoneos;
				SWIFT_COMPILATION_MODE = wholemodule;
				SWIFT_OPTIMIZATION_LEVEL = "-O";
				VALIDATE_PRODUCT = YES;
			};
			name = Release;
		};
		A1E00BC521329DEB008D65AB /* Debug */ = {
			isa = XCBuildConfiguration;
			buildSettings = {
				ASSETCATALOG_COMPILER_APPICON_NAME = AppIcon;
				CODE_SIGN_STYLE = Automatic;
				DEVELOPMENT_TEAM = DM5TANDD6U;
				INFOPLIST_FILE = Cassini/Info.plist;
				LD_RUNPATH_SEARCH_PATHS = (
					"$(inherited)",
					"@executable_path/Frameworks",
				);
				PRODUCT_BUNDLE_IDENTIFIER = com.swift.Cassini;
				PRODUCT_NAME = "$(TARGET_NAME)";
				SWIFT_VERSION = 4.0;
				TARGETED_DEVICE_FAMILY = "1,2";
			};
			name = Debug;
		};
		A1E00BC621329DEB008D65AB /* Release */ = {
			isa = XCBuildConfiguration;
			buildSettings = {
				ASSETCATALOG_COMPILER_APPICON_NAME = AppIcon;
				CODE_SIGN_STYLE = Automatic;
				DEVELOPMENT_TEAM = DM5TANDD6U;
				INFOPLIST_FILE = Cassini/Info.plist;
				LD_RUNPATH_SEARCH_PATHS = (
					"$(inherited)",
					"@executable_path/Frameworks",
				);
				PRODUCT_BUNDLE_IDENTIFIER = com.swift.Cassini;
				PRODUCT_NAME = "$(TARGET_NAME)";
				SWIFT_VERSION = 4.0;
				TARGETED_DEVICE_FAMILY = "1,2";
			};
			name = Release;
		};
		A1E00BC821329DEB008D65AB /* Debug */ = {
			isa = XCBuildConfiguration;
			buildSettings = {
				ALWAYS_EMBED_SWIFT_STANDARD_LIBRARIES = YES;
				BUNDLE_LOADER = "$(TEST_HOST)";
				CODE_SIGN_STYLE = Automatic;
				DEVELOPMENT_TEAM = DM5TANDD6U;
				INFOPLIST_FILE = CassiniTests/Info.plist;
				LD_RUNPATH_SEARCH_PATHS = (
					"$(inherited)",
					"@executable_path/Frameworks",
					"@loader_path/Frameworks",
				);
				PRODUCT_BUNDLE_IDENTIFIER = com.swift.CassiniTests;
				PRODUCT_NAME = "$(TARGET_NAME)";
				SWIFT_VERSION = 4.0;
				TARGETED_DEVICE_FAMILY = "1,2";
				TEST_HOST = "$(BUILT_PRODUCTS_DIR)/Cassini.app/Cassini";
			};
			name = Debug;
		};
		A1E00BC921329DEB008D65AB /* Release */ = {
			isa = XCBuildConfiguration;
			buildSettings = {
				ALWAYS_EMBED_SWIFT_STANDARD_LIBRARIES = YES;
				BUNDLE_LOADER = "$(TEST_HOST)";
				CODE_SIGN_STYLE = Automatic;
				DEVELOPMENT_TEAM = DM5TANDD6U;
				INFOPLIST_FILE = CassiniTests/Info.plist;
				LD_RUNPATH_SEARCH_PATHS = (
					"$(inherited)",
					"@executable_path/Frameworks",
					"@loader_path/Frameworks",
				);
				PRODUCT_BUNDLE_IDENTIFIER = com.swift.CassiniTests;
				PRODUCT_NAME = "$(TARGET_NAME)";
				SWIFT_VERSION = 4.0;
				TARGETED_DEVICE_FAMILY = "1,2";
				TEST_HOST = "$(BUILT_PRODUCTS_DIR)/Cassini.app/Cassini";
			};
			name = Release;
		};
		A1E00BCB21329DEB008D65AB /* Debug */ = {
			isa = XCBuildConfiguration;
			buildSettings = {
				ALWAYS_EMBED_SWIFT_STANDARD_LIBRARIES = YES;
				CODE_SIGN_STYLE = Automatic;
				DEVELOPMENT_TEAM = DM5TANDD6U;
				INFOPLIST_FILE = CassiniUITests/Info.plist;
				LD_RUNPATH_SEARCH_PATHS = (
					"$(inherited)",
					"@executable_path/Frameworks",
					"@loader_path/Frameworks",
				);
				PRODUCT_BUNDLE_IDENTIFIER = com.swift.CassiniUITests;
				PRODUCT_NAME = "$(TARGET_NAME)";
				SWIFT_VERSION = 4.0;
				TARGETED_DEVICE_FAMILY = "1,2";
				TEST_TARGET_NAME = Cassini;
			};
			name = Debug;
		};
		A1E00BCC21329DEB008D65AB /* Release */ = {
			isa = XCBuildConfiguration;
			buildSettings = {
				ALWAYS_EMBED_SWIFT_STANDARD_LIBRARIES = YES;
				CODE_SIGN_STYLE = Automatic;
				DEVELOPMENT_TEAM = DM5TANDD6U;
				INFOPLIST_FILE = CassiniUITests/Info.plist;
				LD_RUNPATH_SEARCH_PATHS = (
					"$(inherited)",
					"@executable_path/Frameworks",
					"@loader_path/Frameworks",
				);
				PRODUCT_BUNDLE_IDENTIFIER = com.swift.CassiniUITests;
				PRODUCT_NAME = "$(TARGET_NAME)";
				SWIFT_VERSION = 4.0;
				TARGETED_DEVICE_FAMILY = "1,2";
				TEST_TARGET_NAME = Cassini;
			};
			name = Release;
		};
/* End XCBuildConfiguration section */

/* Begin XCConfigurationList section */
		A1E00B9721329DE7008D65AB /* Build configuration list for PBXProject "Cassini" */ = {
			isa = XCConfigurationList;
			buildConfigurations = (
				A1E00BC221329DEB008D65AB /* Debug */,
				A1E00BC321329DEB008D65AB /* Release */,
			);
			defaultConfigurationIsVisible = 0;
			defaultConfigurationName = Release;
		};
		A1E00BC421329DEB008D65AB /* Build configuration list for PBXNativeTarget "Cassini" */ = {
			isa = XCConfigurationList;
			buildConfigurations = (
				A1E00BC521329DEB008D65AB /* Debug */,
				A1E00BC621329DEB008D65AB /* Release */,
			);
			defaultConfigurationIsVisible = 0;
			defaultConfigurationName = Release;
		};
		A1E00BC721329DEB008D65AB /* Build configuration list for PBXNativeTarget "CassiniTests" */ = {
			isa = XCConfigurationList;
			buildConfigurations = (
				A1E00BC821329DEB008D65AB /* Debug */,
				A1E00BC921329DEB008D65AB /* Release */,
			);
			defaultConfigurationIsVisible = 0;
			defaultConfigurationName = Release;
		};
		A1E00BCA21329DEB008D65AB /* Build configuration list for PBXNativeTarget "CassiniUITests" */ = {
			isa = XCConfigurationList;
			buildConfigurations = (
				A1E00BCB21329DEB008D65AB /* Debug */,
				A1E00BCC21329DEB008D65AB /* Release */,
			);
			defaultConfigurationIsVisible = 0;
			defaultConfigurationName = Release;
		};
/* End XCConfigurationList section */
	};
	rootObject = A1E00B9421329DE7008D65AB /* Project object */;
}
